{
  "nodes": {
    "home-manager": {
      "inputs": {
        "nixpkgs": [
          "nixpkgs-unstable"
        ]
      },
      "locked": {
        "lastModified": 1751309344,
        "narHash": "sha256-zmb01yyOXttyhJD3kRtW6Pkt1lsPbJvN3P92/GnI0tk=",
        "owner": "nix-community",
        "repo": "home-manager",
        "rev": "78fc50f1cf8e57a974ff4bfe654563fce43d6289",
        "type": "github"
      },
      "original": {
        "owner": "nix-community",
        "repo": "home-manager",
        "type": "github"
      }
    },
    "nixpkgs-unstable": {
      "locked": {
        "lastModified": 1751011381,
        "narHash": "sha256-krGXKxvkBhnrSC/kGBmg5MyupUUT5R6IBCLEzx9jhMM=",
        "owner": "NixOS",
        "repo": "nixpkgs",
        "rev": "30e2e2857ba47844aa71991daa6ed1fc678bcbb7",
        "type": "github"
      },
      "original": {
        "owner": "NixOS",
        "ref": "nixos-unstable",
        "repo": "nixpkgs",
        "type": "github"
      }
    },
    "root": {
      "inputs": {
        "home-manager": "home-manager",
        "nixpkgs-unstable": "nixpkgs-unstable",
        "zen-browser-flake": "zen-browser-flake"
      }
    },
    "zen-browser-flake": {
      "inputs": {
        "nixpkgs": [
          "nixpkgs-unstable"
        ]
      },
      "locked": {
        "lastModified": 1751256876,
        "narHash": "sha256-4A8LmE0Hd9RvQwSEPYdITJebpLt7J99VY76IphzqZKc=",
        "owner": "youwen5",
        "repo": "zen-browser-flake",
        "rev": "615b9244dc7ac777b8f0bc3a9cb7290936e4fcf9",
        "type": "github"
      },
      "original": {
        "owner": "youwen5",
        "repo": "zen-browser-flake",
        "type": "github"
      }
    }
  },
  "root": "root",
  "version": 7
}
